
Microsoft Visual Studio Solution File, Format Version 12.00
# Visual Studio 15
VisualStudioVersion = 15.0.27130.2036
MinimumVisualStudioVersion = 10.0.40219.1
Project("{FAE04EC0-301F-11D3-BF4B-00C04F79EFBC}") = "Product", "IterativePasswordHashing\Product.csproj", "{7F63B19D-5262-4133-A968-E2A521115EC2}"
EndProject
Global
	GlobalSection(SolutionConfigurationPlatforms) = preSolution
		Debug|Any CPU = Debug|Any CPU
		Release|Any CPU = Release|Any CPU
	EndGlobalSection
	GlobalSection(ProjectConfigurationPlatforms) = postSolution
		{7F63B19D-5262-4133-A968-E2A521115EC2}.Debug|Any CPU.ActiveCfg = Debug|Any CPU
		{7F63B19D-5262-4133-A968-E2A521115EC2}.Debug|Any CPU.Build.0 = Debug|Any CPU
		{7F63B19D-5262-4133-A968-E2A521115EC2}.Release|Any CPU.ActiveCfg = Release|Any CPU
		{7F63B19D-5262-4133-A968-E2A521115EC2}.Release|Any CPU.Build.0 = Release|Any CPU
	EndGlobalSection
	GlobalSection(SolutionProperties) = preSolution
		HideSolutionNode = FALSE
	EndGlobalSection
	GlobalSection(ExtensibilityGlobals) = postSolution
		SolutionGuid = {386F2E13-CAC3-48CE-9E5B-3946F5866BFE}
	EndGlobalSection
EndGlobal
